// !$*UTF8*$!
{
	archiveVersion = 1;
	classes = {
	};
	objectVersion = 56;
	objects = {

/* Begin PBXBuildFile section */
		A3D2076B2D6F817700C8819B /* AppetizerDetailView.swift in Sources */ = {isa = PBXBuildFile; fileRef = A3D2076A2D6F817700C8819B /* AppetizerDetailView.swift */; };
		A3D2076E2D6F8DC200C8819B /* APButton.swift in Sources */ = {isa = PBXBuildFile; fileRef = A3D2076D2D6F8DC200C8819B /* APButton.swift */; };
		A3D207702D6F8E9100C8819B /* XDismissButton.swift in Sources */ = {isa = PBXBuildFile; fileRef = A3D2076F2D6F8E9100C8819B /* XDismissButton.swift */; };
		A3D207722D6F9D5000C8819B /* AccountViewModel.swift in Sources */ = {isa = PBXBuildFile; fileRef = A3D207712D6F9D5000C8819B /* AccountViewModel.swift */; };
		A3D207742D6F9EB500C8819B /* String+Ext.swift in Sources */ = {isa = PBXBuildFile; fileRef = A3D207732D6F9EB500C8819B /* String+Ext.swift */; };
		A3D207762D6FA41500C8819B /* User.swift in Sources */ = {isa = PBXBuildFile; fileRef = A3D207752D6FA41500C8819B /* User.swift */; };
		A3D207792D6FAC7300C8819B /* EmptyState.swift in Sources */ = {isa = PBXBuildFile; fileRef = A3D207782D6FAC7300C8819B /* EmptyState.swift */; };
		A3D2077B2D70277B00C8819B /* Order.swift in Sources */ = {isa = PBXBuildFile; fileRef = A3D2077A2D70277B00C8819B /* Order.swift */; };
		A3D2077D2D70365400C8819B /* CustomModifiers.swift in Sources */ = {isa = PBXBuildFile; fileRef = A3D2077C2D70365400C8819B /* CustomModifiers.swift */; };
		A3EB586D2C66533A00C04853 /* AppetizersApp.swift in Sources */ = {isa = PBXBuildFile; fileRef = A3EB586C2C66533A00C04853 /* AppetizersApp.swift */; };
		A3EB586F2C66533A00C04853 /* AppetizerTabView.swift in Sources */ = {isa = PBXBuildFile; fileRef = A3EB586E2C66533A00C04853 /* AppetizerTabView.swift */; };
		A3EB58712C66533D00C04853 /* Assets.xcassets in Resources */ = {isa = PBXBuildFile; fileRef = A3EB58702C66533D00C04853 /* Assets.xcassets */; };
		A3EB58742C66533D00C04853 /* Preview Assets.xcassets in Resources */ = {isa = PBXBuildFile; fileRef = A3EB58732C66533D00C04853 /* Preview Assets.xcassets */; };
		A3EB587B2C6653CF00C04853 /* AppetizerListView.swift in Sources */ = {isa = PBXBuildFile; fileRef = A3EB587A2C6653CE00C04853 /* AppetizerListView.swift */; };
		A3EB587D2C6653D700C04853 /* AccountView.swift in Sources */ = {isa = PBXBuildFile; fileRef = A3EB587C2C6653D700C04853 /* AccountView.swift */; };
		A3EB587F2C6653DF00C04853 /* OrderView.swift in Sources */ = {isa = PBXBuildFile; fileRef = A3EB587E2C6653DF00C04853 /* OrderView.swift */; };
		A3EB58812C6664EC00C04853 /* Appetizer.swift in Sources */ = {isa = PBXBuildFile; fileRef = A3EB58802C6664EC00C04853 /* Appetizer.swift */; };
		A3EB58832C666A6A00C04853 /* AppetizerListCell.swift in Sources */ = {isa = PBXBuildFile; fileRef = A3EB58822C666A6A00C04853 /* AppetizerListCell.swift */; };
		A3EB58852C666BCF00C04853 /* NetworkManager.swift in Sources */ = {isa = PBXBuildFile; fileRef = A3EB58842C666BCF00C04853 /* NetworkManager.swift */; };
		A3EB58872C666DF400C04853 /* APError.swift in Sources */ = {isa = PBXBuildFile; fileRef = A3EB58862C666DF400C04853 /* APError.swift */; };
		A3EB58892C667CAE00C04853 /* AppetizerListViewModel.swift in Sources */ = {isa = PBXBuildFile; fileRef = A3EB58882C667CAE00C04853 /* AppetizerListViewModel.swift */; };
		A3EB588B2C66836700C04853 /* Alert.swift in Sources */ = {isa = PBXBuildFile; fileRef = A3EB588A2C66836700C04853 /* Alert.swift */; };
		A3EB588D2C668BE100C04853 /* LoadingView.swift in Sources */ = {isa = PBXBuildFile; fileRef = A3EB588C2C668BE100C04853 /* LoadingView.swift */; };
		A3EB588F2C668C8200C04853 /* Color+Ext.swift in Sources */ = {isa = PBXBuildFile; fileRef = A3EB588E2C668C8200C04853 /* Color+Ext.swift */; };
		A3EB58912C66947300C04853 /* RemoteImage.swift in Sources */ = {isa = PBXBuildFile; fileRef = A3EB58902C66947300C04853 /* RemoteImage.swift */; };
		A3EB59722C6886A700C04853 /* SplashScreenView.swift in Sources */ = {isa = PBXBuildFile; fileRef = A3EB59712C6886A700C04853 /* SplashScreenView.swift */; };
/* End PBXBuildFile section */

/* Begin PBXFileReference section */
		A3D2076A2D6F817700C8819B /* AppetizerDetailView.swift */ = {isa = PBXFileReference; lastKnownFileType = sourcecode.swift; path = AppetizerDetailView.swift; sourceTree = "<group>"; };
		A3D2076D2D6F8DC200C8819B /* APButton.swift */ = {isa = PBXFileReference; lastKnownFileType = sourcecode.swift; path = APButton.swift; sourceTree = "<group>"; };
		A3D2076F2D6F8E9100C8819B /* XDismissButton.swift */ = {isa = PBXFileReference; lastKnownFileType = sourcecode.swift; path = XDismissButton.swift; sourceTree = "<group>"; };
		A3D207712D6F9D5000C8819B /* AccountViewModel.swift */ = {isa = PBXFileReference; lastKnownFileType = sourcecode.swift; path = AccountViewModel.swift; sourceTree = "<group>"; };
		A3D207732D6F9EB500C8819B /* String+Ext.swift */ = {isa = PBXFileReference; lastKnownFileType = sourcecode.swift; path = "String+Ext.swift"; sourceTree = "<group>"; };
		A3D207752D6FA41500C8819B /* User.swift */ = {isa = PBXFileReference; lastKnownFileType = sourcecode.swift; path = User.swift; sourceTree = "<group>"; };
		A3D207782D6FAC7300C8819B /* EmptyState.swift */ = {isa = PBXFileReference; lastKnownFileType = sourcecode.swift; path = EmptyState.swift; sourceTree = "<group>"; };
		A3D2077A2D70277B00C8819B /* Order.swift */ = {isa = PBXFileReference; lastKnownFileType = sourcecode.swift; path = Order.swift; sourceTree = "<group>"; };
		A3D2077C2D70365400C8819B /* CustomModifiers.swift */ = {isa = PBXFileReference; lastKnownFileType = sourcecode.swift; path = CustomModifiers.swift; sourceTree = "<group>"; };
		A3EB58692C66533A00C04853 /* Appetizers.app */ = {isa = PBXFileReference; explicitFileType = wrapper.application; includeInIndex = 0; path = Appetizers.app; sourceTree = BUILT_PRODUCTS_DIR; };
		A3EB586C2C66533A00C04853 /* AppetizersApp.swift */ = {isa = PBXFileReference; lastKnownFileType = sourcecode.swift; path = AppetizersApp.swift; sourceTree = "<group>"; };
		A3EB586E2C66533A00C04853 /* AppetizerTabView.swift */ = {isa = PBXFileReference; lastKnownFileType = sourcecode.swift; path = AppetizerTabView.swift; sourceTree = "<group>"; };
		A3EB58702C66533D00C04853 /* Assets.xcassets */ = {isa = PBXFileReference; lastKnownFileType = folder.assetcatalog; path = Assets.xcassets; sourceTree = "<group>"; };
		A3EB58732C66533D00C04853 /* Preview Assets.xcassets */ = {isa = PBXFileReference; lastKnownFileType = folder.assetcatalog; path = "Preview Assets.xcassets"; sourceTree = "<group>"; };
		A3EB587A2C6653CE00C04853 /* AppetizerListView.swift */ = {isa = PBXFileReference; lastKnownFileType = sourcecode.swift; path = AppetizerListView.swift; sourceTree = "<group>"; };
		A3EB587C2C6653D700C04853 /* AccountView.swift */ = {isa = PBXFileReference; lastKnownFileType = sourcecode.swift; path = AccountView.swift; sourceTree = "<group>"; };
		A3EB587E2C6653DF00C04853 /* OrderView.swift */ = {isa = PBXFileReference; lastKnownFileType = sourcecode.swift; path = OrderView.swift; sourceTree = "<group>"; };
		A3EB58802C6664EC00C04853 /* Appetizer.swift */ = {isa = PBXFileReference; lastKnownFileType = sourcecode.swift; path = Appetizer.swift; sourceTree = "<group>"; };
		A3EB58822C666A6A00C04853 /* AppetizerListCell.swift */ = {isa = PBXFileReference; lastKnownFileType = sourcecode.swift; path = AppetizerListCell.swift; sourceTree = "<group>"; };
		A3EB58842C666BCF00C04853 /* NetworkManager.swift */ = {isa = PBXFileReference; lastKnownFileType = sourcecode.swift; path = NetworkManager.swift; sourceTree = "<group>"; };
		A3EB58862C666DF400C04853 /* APError.swift */ = {isa = PBXFileReference; lastKnownFileType = sourcecode.swift; path = APError.swift; sourceTree = "<group>"; };
		A3EB58882C667CAE00C04853 /* AppetizerListViewModel.swift */ = {isa = PBXFileReference; lastKnownFileType = sourcecode.swift; path = AppetizerListViewModel.swift; sourceTree = "<group>"; };
		A3EB588A2C66836700C04853 /* Alert.swift */ = {isa = PBXFileReference; lastKnownFileType = sourcecode.swift; path = Alert.swift; sourceTree = "<group>"; };
		A3EB588C2C668BE100C04853 /* LoadingView.swift */ = {isa = PBXFileReference; lastKnownFileType = sourcecode.swift; path = LoadingView.swift; sourceTree = "<group>"; };
		A3EB588E2C668C8200C04853 /* Color+Ext.swift */ = {isa = PBXFileReference; lastKnownFileType = sourcecode.swift; path = "Color+Ext.swift"; sourceTree = "<group>"; };
		A3EB58902C66947300C04853 /* RemoteImage.swift */ = {isa = PBXFileReference; lastKnownFileType = sourcecode.swift; path = RemoteImage.swift; sourceTree = "<group>"; };
		A3EB59712C6886A700C04853 /* SplashScreenView.swift */ = {isa = PBXFileReference; lastKnownFileType = sourcecode.swift; path = SplashScreenView.swift; sourceTree = "<group>"; };
/* End PBXFileReference section */

/* Begin PBXFrameworksBuildPhase section */
		A3EB58662C66533A00C04853 /* Frameworks */ = {
			isa = PBXFrameworksBuildPhase;
			buildActionMask = 2147483647;
			files = (
			);
			runOnlyForDeploymentPostprocessing = 0;
		};
/* End PBXFrameworksBuildPhase section */

/* Begin PBXGroup section */
		A3D2076C2D6F8DA700C8819B /* Buttons */ = {
			isa = PBXGroup;
			children = (
				A3D2076D2D6F8DC200C8819B /* APButton.swift */,
				A3D2076F2D6F8E9100C8819B /* XDismissButton.swift */,
			);
			path = Buttons;
			sourceTree = "<group>";
		};
		A3D207772D6FAC5000C8819B /* Empty State */ = {
			isa = PBXGroup;
			children = (
				A3D207782D6FAC7300C8819B /* EmptyState.swift */,
			);
			path = "Empty State";
			sourceTree = "<group>";
		};
		A3EB58602C66533A00C04853 = {
			isa = PBXGroup;
			children = (
				A3EB586B2C66533A00C04853 /* Appetizers */,
				A3EB586A2C66533A00C04853 /* Products */,
			);
			sourceTree = "<group>";
		};
		A3EB586A2C66533A00C04853 /* Products */ = {
			isa = PBXGroup;
			children = (
				A3EB58692C66533A00C04853 /* Appetizers.app */,
			);
			name = Products;
			sourceTree = "<group>";
		};
		A3EB586B2C66533A00C04853 /* Appetizers */ = {
			isa = PBXGroup;
			children = (
				A3EB589B2C669CF000C04853 /* Views */,
				A3EB589A2C669CBB00C04853 /* Model */,
				A3EB58962C669C5A00C04853 /* Utilities */,
				A3EB58922C669BDA00C04853 /* Screens */,
				A3EB586C2C66533A00C04853 /* AppetizersApp.swift */,
				A3EB58702C66533D00C04853 /* Assets.xcassets */,
				A3EB58722C66533D00C04853 /* Preview Content */,
				A3EB59712C6886A700C04853 /* SplashScreenView.swift */,
			);
			path = Appetizers;
			sourceTree = "<group>";
		};
		A3EB58722C66533D00C04853 /* Preview Content */ = {
			isa = PBXGroup;
			children = (
				A3EB58732C66533D00C04853 /* Preview Assets.xcassets */,
			);
			path = "Preview Content";
			sourceTree = "<group>";
		};
		A3EB58922C669BDA00C04853 /* Screens */ = {
			isa = PBXGroup;
			children = (
				A3EB586E2C66533A00C04853 /* AppetizerTabView.swift */,
				A3EB58932C669BE100C04853 /* AppetizerListView */,
				A3EB58942C669BEC00C04853 /* AccountView */,
				A3EB58952C669BF400C04853 /* OrderView */,
			);
			path = Screens;
			sourceTree = "<group>";
		};
		A3EB58932C669BE100C04853 /* AppetizerListView */ = {
			isa = PBXGroup;
			children = (
				A3EB587A2C6653CE00C04853 /* AppetizerListView.swift */,
				A3EB58882C667CAE00C04853 /* AppetizerListViewModel.swift */,
				A3D2076A2D6F817700C8819B /* AppetizerDetailView.swift */,
			);
			path = AppetizerListView;
			sourceTree = "<group>";
		};
		A3EB58942C669BEC00C04853 /* AccountView */ = {
			isa = PBXGroup;
			children = (
				A3EB587C2C6653D700C04853 /* AccountView.swift */,
				A3D207712D6F9D5000C8819B /* AccountViewModel.swift */,
			);
			path = AccountView;
			sourceTree = "<group>";
		};
		A3EB58952C669BF400C04853 /* OrderView */ = {
			isa = PBXGroup;
			children = (
				A3EB587E2C6653DF00C04853 /* OrderView.swift */,
			);
			path = OrderView;
			sourceTree = "<group>";
		};
		A3EB58962C669C5A00C04853 /* Utilities */ = {
			isa = PBXGroup;
			children = (
				A3EB58992C669C7C00C04853 /* Alerts */,
				A3EB58982C669C6D00C04853 /* Extensions */,
				A3EB58972C669C6600C04853 /* Managers */,
			);
			path = Utilities;
			sourceTree = "<group>";
		};
		A3EB58972C669C6600C04853 /* Managers */ = {
			isa = PBXGroup;
			children = (
				A3EB58842C666BCF00C04853 /* NetworkManager.swift */,
			);
			path = Managers;
			sourceTree = "<group>";
		};
		A3EB58982C669C6D00C04853 /* Extensions */ = {
			isa = PBXGroup;
			children = (
				A3EB588E2C668C8200C04853 /* Color+Ext.swift */,
				A3D207732D6F9EB500C8819B /* String+Ext.swift */,
			);
			path = Extensions;
			sourceTree = "<group>";
		};
		A3EB58992C669C7C00C04853 /* Alerts */ = {
			isa = PBXGroup;
			children = (
				A3EB58862C666DF400C04853 /* APError.swift */,
				A3EB588A2C66836700C04853 /* Alert.swift */,
			);
			path = Alerts;
			sourceTree = "<group>";
		};
		A3EB589A2C669CBB00C04853 /* Model */ = {
			isa = PBXGroup;
			children = (
				A3EB58802C6664EC00C04853 /* Appetizer.swift */,
				A3D207752D6FA41500C8819B /* User.swift */,
				A3D2077A2D70277B00C8819B /* Order.swift */,
			);
			path = Model;
			sourceTree = "<group>";
		};
		A3EB589B2C669CF000C04853 /* Views */ = {
			isa = PBXGroup;
			children = (
				A3D207772D6FAC5000C8819B /* Empty State */,
				A3D2076C2D6F8DA700C8819B /* Buttons */,
				A3EB589E2C669D0900C04853 /* Image */,
				A3EB589D2C669D0400C04853 /* Cells */,
				A3EB589C2C669CF900C04853 /* UIKit Components */,
				A3D2077C2D70365400C8819B /* CustomModifiers.swift */,
			);
			path = Views;
			sourceTree = "<group>";
		};
		A3EB589C2C669CF900C04853 /* UIKit Components */ = {
			isa = PBXGroup;
			children = (
				A3EB588C2C668BE100C04853 /* LoadingView.swift */,
			);
			path = "UIKit Components";
			sourceTree = "<group>";
		};
		A3EB589D2C669D0400C04853 /* Cells */ = {
			isa = PBXGroup;
			children = (
				A3EB58822C666A6A00C04853 /* AppetizerListCell.swift */,
			);
			path = Cells;
			sourceTree = "<group>";
		};
		A3EB589E2C669D0900C04853 /* Image */ = {
			isa = PBXGroup;
			children = (
				A3EB58902C66947300C04853 /* RemoteImage.swift */,
			);
			path = Image;
			sourceTree = "<group>";
		};
/* End PBXGroup section */

/* Begin PBXNativeTarget section */
		A3EB58682C66533A00C04853 /* Appetizers */ = {
			isa = PBXNativeTarget;
			buildConfigurationList = A3EB58772C66533D00C04853 /* Build configuration list for PBXNativeTarget "Appetizers" */;
			buildPhases = (
				A3EB58652C66533A00C04853 /* Sources */,
				A3EB58662C66533A00C04853 /* Frameworks */,
				A3EB58672C66533A00C04853 /* Resources */,
			);
			buildRules = (
			);
			dependencies = (
			);
			name = Appetizers;
			productName = Appetizers;
			productReference = A3EB58692C66533A00C04853 /* Appetizers.app */;
			productType = "com.apple.product-type.application";
		};
/* End PBXNativeTarget section */

/* Begin PBXProject section */
		A3EB58612C66533A00C04853 /* Project object */ = {
			isa = PBXProject;
			attributes = {
				BuildIndependentTargetsInParallel = 1;
				LastSwiftUpdateCheck = 1540;
				LastUpgradeCheck = 1540;
				TargetAttributes = {
					A3EB58682C66533A00C04853 = {
						CreatedOnToolsVersion = 15.4;
					};
				};
			};
			buildConfigurationList = A3EB58642C66533A00C04853 /* Build configuration list for PBXProject "Appetizers" */;
			compatibilityVersion = "Xcode 14.0";
			developmentRegion = en;
			hasScannedForEncodings = 0;
			knownRegions = (
				en,
				Base,
			);
			mainGroup = A3EB58602C66533A00C04853;
			productRefGroup = A3EB586A2C66533A00C04853 /* Products */;
			projectDirPath = "";
			projectRoot = "";
			targets = (
				A3EB58682C66533A00C04853 /* Appetizers */,
			);
		};
/* End PBXProject section */

/* Begin PBXResourcesBuildPhase section */
		A3EB58672C66533A00C04853 /* Resources */ = {
			isa = PBXResourcesBuildPhase;
			buildActionMask = 2147483647;
			files = (
				A3EB58742C66533D00C04853 /* Preview Assets.xcassets in Resources */,
				A3EB58712C66533D00C04853 /* Assets.xcassets in Resources */,
			);
			runOnlyForDeploymentPostprocessing = 0;
		};
/* End PBXResourcesBuildPhase section */

/* Begin PBXSourcesBuildPhase section */
		A3EB58652C66533A00C04853 /* Sources */ = {
			isa = PBXSourcesBuildPhase;
			buildActionMask = 2147483647;
			files = (
				A3EB58812C6664EC00C04853 /* Appetizer.swift in Sources */,
				A3EB58872C666DF400C04853 /* APError.swift in Sources */,
				A3EB59722C6886A700C04853 /* SplashScreenView.swift in Sources */,
				A3EB58832C666A6A00C04853 /* AppetizerListCell.swift in Sources */,
				A3EB587D2C6653D700C04853 /* AccountView.swift in Sources */,
				A3EB588F2C668C8200C04853 /* Color+Ext.swift in Sources */,
				A3D2076B2D6F817700C8819B /* AppetizerDetailView.swift in Sources */,
				A3EB586F2C66533A00C04853 /* AppetizerTabView.swift in Sources */,
				A3EB588D2C668BE100C04853 /* LoadingView.swift in Sources */,
				A3EB58852C666BCF00C04853 /* NetworkManager.swift in Sources */,
				A3D207722D6F9D5000C8819B /* AccountViewModel.swift in Sources */,
				A3EB586D2C66533A00C04853 /* AppetizersApp.swift in Sources */,
				A3D207702D6F8E9100C8819B /* XDismissButton.swift in Sources */,
				A3EB58912C66947300C04853 /* RemoteImage.swift in Sources */,
				A3EB58892C667CAE00C04853 /* AppetizerListViewModel.swift in Sources */,
				A3D2076E2D6F8DC200C8819B /* APButton.swift in Sources */,
				A3EB588B2C66836700C04853 /* Alert.swift in Sources */,
				A3EB587B2C6653CF00C04853 /* AppetizerListView.swift in Sources */,
				A3D207742D6F9EB500C8819B /* String+Ext.swift in Sources */,
				A3EB587F2C6653DF00C04853 /* OrderView.swift in Sources */,
				A3D2077B2D70277B00C8819B /* Order.swift in Sources */,
				A3D2077D2D70365400C8819B /* CustomModifiers.swift in Sources */,
				A3D207762D6FA41500C8819B /* User.swift in Sources */,
				A3D207792D6FAC7300C8819B /* EmptyState.swift in Sources */,
			);
			runOnlyForDeploymentPostprocessing = 0;
		};
/* End PBXSourcesBuildPhase section */

/* Begin XCBuildConfiguration section */
		A3EB58752C66533D00C04853 /* Debug */ = {
			isa = XCBuildConfiguration;
			buildSettings = {
				ALWAYS_SEARCH_USER_PATHS = NO;
				ASSETCATALOG_COMPILER_GENERATE_SWIFT_ASSET_SYMBOL_EXTENSIONS = YES;
				CLANG_ANALYZER_NONNULL = YES;
				CLANG_ANALYZER_NUMBER_OBJECT_CONVERSION = YES_AGGRESSIVE;
				CLANG_CXX_LANGUAGE_STANDARD = "gnu++20";
				CLANG_ENABLE_MODULES = YES;
				CLANG_ENABLE_OBJC_ARC = YES;
				CLANG_ENABLE_OBJC_WEAK = YES;
				CLANG_WARN_BLOCK_CAPTURE_AUTORELEASING = YES;
				CLANG_WARN_BOOL_CONVERSION = YES;
				CLANG_WARN_COMMA = YES;
				CLANG_WARN_CONSTANT_CONVERSION = YES;
				CLANG_WARN_DEPRECATED_OBJC_IMPLEMENTATIONS = YES;
				CLANG_WARN_DIRECT_OBJC_ISA_USAGE = YES_ERROR;
				CLANG_WARN_DOCUMENTATION_COMMENTS = YES;
				CLANG_WARN_EMPTY_BODY = YES;
				CLANG_WARN_ENUM_CONVERSION = YES;
				CLANG_WARN_INFINITE_RECURSION = YES;
				CLANG_WARN_INT_CONVERSION = YES;
				CLANG_WARN_NON_LITERAL_NULL_CONVERSION = YES;
				CLANG_WARN_OBJC_IMPLICIT_RETAIN_SELF = YES;
				CLANG_WARN_OBJC_LITERAL_CONVERSION = YES;
				CLANG_WARN_OBJC_ROOT_CLASS = YES_ERROR;
				CLANG_WARN_QUOTED_INCLUDE_IN_FRAMEWORK_HEADER = YES;
				CLANG_WARN_RANGE_LOOP_ANALYSIS = YES;
				CLANG_WARN_STRICT_PROTOTYPES = YES;
				CLANG_WARN_SUSPICIOUS_MOVE = YES;
				CLANG_WARN_UNGUARDED_AVAILABILITY = YES_AGGRESSIVE;
				CLANG_WARN_UNREACHABLE_CODE = YES;
				CLANG_WARN__DUPLICATE_METHOD_MATCH = YES;
				COPY_PHASE_STRIP = NO;
				DEBUG_INFORMATION_FORMAT = dwarf;
				ENABLE_STRICT_OBJC_MSGSEND = YES;
				ENABLE_TESTABILITY = YES;
				ENABLE_USER_SCRIPT_SANDBOXING = YES;
				GCC_C_LANGUAGE_STANDARD = gnu17;
				GCC_DYNAMIC_NO_PIC = NO;
				GCC_NO_COMMON_BLOCKS = YES;
				GCC_OPTIMIZATION_LEVEL = 0;
				GCC_PREPROCESSOR_DEFINITIONS = (
					"DEBUG=1",
					"$(inherited)",
				);
				GCC_WARN_64_TO_32_BIT_CONVERSION = YES;
				GCC_WARN_ABOUT_RETURN_TYPE = YES_ERROR;
				GCC_WARN_UNDECLARED_SELECTOR = YES;
				GCC_WARN_UNINITIALIZED_AUTOS = YES_AGGRESSIVE;
				GCC_WARN_UNUSED_FUNCTION = YES;
				GCC_WARN_UNUSED_VARIABLE = YES;
				IPHONEOS_DEPLOYMENT_TARGET = 17.5;
				LOCALIZATION_PREFERS_STRING_CATALOGS = YES;
				MTL_ENABLE_DEBUG_INFO = INCLUDE_SOURCE;
				MTL_FAST_MATH = YES;
				ONLY_ACTIVE_ARCH = YES;
				SDKROOT = iphoneos;
				SWIFT_ACTIVE_COMPILATION_CONDITIONS = "DEBUG $(inherited)";
				SWIFT_OPTIMIZATION_LEVEL = "-Onone";
			};
			name = Debug;
		};
		A3EB58762C66533D00C04853 /* Release */ = {
			isa = XCBuildConfiguration;
			buildSettings = {
				ALWAYS_SEARCH_USER_PATHS = NO;
				ASSETCATALOG_COMPILER_GENERATE_SWIFT_ASSET_SYMBOL_EXTENSIONS = YES;
				CLANG_ANALYZER_NONNULL = YES;
				CLANG_ANALYZER_NUMBER_OBJECT_CONVERSION = YES_AGGRESSIVE;
				CLANG_CXX_LANGUAGE_STANDARD = "gnu++20";
				CLANG_ENABLE_MODULES = YES;
				CLANG_ENABLE_OBJC_ARC = YES;
				CLANG_ENABLE_OBJC_WEAK = YES;
				CLANG_WARN_BLOCK_CAPTURE_AUTORELEASING = YES;
				CLANG_WARN_BOOL_CONVERSION = YES;
				CLANG_WARN_COMMA = YES;
				CLANG_WARN_CONSTANT_CONVERSION = YES;
				CLANG_WARN_DEPRECATED_OBJC_IMPLEMENTATIONS = YES;
				CLANG_WARN_DIRECT_OBJC_ISA_USAGE = YES_ERROR;
				CLANG_WARN_DOCUMENTATION_COMMENTS = YES;
				CLANG_WARN_EMPTY_BODY = YES;
				CLANG_WARN_ENUM_CONVERSION = YES;
				CLANG_WARN_INFINITE_RECURSION = YES;
				CLANG_WARN_INT_CONVERSION = YES;
				CLANG_WARN_NON_LITERAL_NULL_CONVERSION = YES;
				CLANG_WARN_OBJC_IMPLICIT_RETAIN_SELF = YES;
				CLANG_WARN_OBJC_LITERAL_CONVERSION = YES;
				CLANG_WARN_OBJC_ROOT_CLASS = YES_ERROR;
				CLANG_WARN_QUOTED_INCLUDE_IN_FRAMEWORK_HEADER = YES;
				CLANG_WARN_RANGE_LOOP_ANALYSIS = YES;
				CLANG_WARN_STRICT_PROTOTYPES = YES;
				CLANG_WARN_SUSPICIOUS_MOVE = YES;
				CLANG_WARN_UNGUARDED_AVAILABILITY = YES_AGGRESSIVE;
				CLANG_WARN_UNREACHABLE_CODE = YES;
				CLANG_WARN__DUPLICATE_METHOD_MATCH = YES;
				COPY_PHASE_STRIP = NO;
				DEBUG_INFORMATION_FORMAT = "dwarf-with-dsym";
				ENABLE_NS_ASSERTIONS = NO;
				ENABLE_STRICT_OBJC_MSGSEND = YES;
				ENABLE_USER_SCRIPT_SANDBOXING = YES;
				GCC_C_LANGUAGE_STANDARD = gnu17;
				GCC_NO_COMMON_BLOCKS = YES;
				GCC_WARN_64_TO_32_BIT_CONVERSION = YES;
				GCC_WARN_ABOUT_RETURN_TYPE = YES_ERROR;
				GCC_WARN_UNDECLARED_SELECTOR = YES;
				GCC_WARN_UNINITIALIZED_AUTOS = YES_AGGRESSIVE;
				GCC_WARN_UNUSED_FUNCTION = YES;
				GCC_WARN_UNUSED_VARIABLE = YES;
				IPHONEOS_DEPLOYMENT_TARGET = 17.5;
				LOCALIZATION_PREFERS_STRING_CATALOGS = YES;
				MTL_ENABLE_DEBUG_INFO = NO;
				MTL_FAST_MATH = YES;
				SDKROOT = iphoneos;
				SWIFT_COMPILATION_MODE = wholemodule;
				VALIDATE_PRODUCT = YES;
			};
			name = Release;
		};
		A3EB58782C66533D00C04853 /* Debug */ = {
			isa = XCBuildConfiguration;
			buildSettings = {
				ASSETCATALOG_COMPILER_APPICON_NAME = AppIcon;
				ASSETCATALOG_COMPILER_GLOBAL_ACCENT_COLOR_NAME = AccentColor;
				CODE_SIGN_STYLE = Automatic;
				CURRENT_PROJECT_VERSION = 1;
				DEVELOPMENT_ASSET_PATHS = "\"Appetizers/Preview Content\"";
				ENABLE_PREVIEWS = YES;
				GENERATE_INFOPLIST_FILE = YES;
				INFOPLIST_KEY_UIApplicationSceneManifest_Generation = YES;
				INFOPLIST_KEY_UIApplicationSupportsIndirectInputEvents = YES;
				INFOPLIST_KEY_UILaunchScreen_Generation = YES;
				INFOPLIST_KEY_UISupportedInterfaceOrientations_iPad = "UIInterfaceOrientationPortrait UIInterfaceOrientationPortraitUpsideDown UIInterfaceOrientationLandscapeLeft UIInterfaceOrientationLandscapeRight";
				INFOPLIST_KEY_UISupportedInterfaceOrientations_iPhone = "UIInterfaceOrientationPortrait UIInterfaceOrientationLandscapeLeft UIInterfaceOrientationLandscapeRight";
				IPHONEOS_DEPLOYMENT_TARGET = 17.0;
				LD_RUNPATH_SEARCH_PATHS = (
					"$(inherited)",
					"@executable_path/Frameworks",
				);
				MARKETING_VERSION = 1.0;
				PRODUCT_BUNDLE_IDENTIFIER = Rohitoz.Appetizers;
				PRODUCT_NAME = "$(TARGET_NAME)";
				SWIFT_EMIT_LOC_STRINGS = YES;
				SWIFT_VERSION = 5.0;
				TARGETED_DEVICE_FAMILY = "1,2";
			};
			name = Debug;
		};
		A3EB58792C66533D00C04853 /* Release */ = {
			isa = XCBuildConfiguration;
			buildSettings = {
				ASSETCATALOG_COMPILER_APPICON_NAME = AppIcon;
				ASSETCATALOG_COMPILER_GLOBAL_ACCENT_COLOR_NAME = AccentColor;
				CODE_SIGN_STYLE = Automatic;
				CURRENT_PROJECT_VERSION = 1;
				DEVELOPMENT_ASSET_PATHS = "\"Appetizers/Preview Content\"";
				ENABLE_PREVIEWS = YES;
				GENERATE_INFOPLIST_FILE = YES;
				INFOPLIST_KEY_UIApplicationSceneManifest_Generation = YES;
				INFOPLIST_KEY_UIApplicationSupportsIndirectInputEvents = YES;
				INFOPLIST_KEY_UILaunchScreen_Generation = YES;
				INFOPLIST_KEY_UISupportedInterfaceOrientations_iPad = "UIInterfaceOrientationPortrait UIInterfaceOrientationPortraitUpsideDown UIInterfaceOrientationLandscapeLeft UIInterfaceOrientationLandscapeRight";
				INFOPLIST_KEY_UISupportedInterfaceOrientations_iPhone = "UIInterfaceOrientationPortrait UIInterfaceOrientationLandscapeLeft UIInterfaceOrientationLandscapeRight";
				IPHONEOS_DEPLOYMENT_TARGET = 17.0;
				LD_RUNPATH_SEARCH_PATHS = (
					"$(inherited)",
					"@executable_path/Frameworks",
				);
				MARKETING_VERSION = 1.0;
				PRODUCT_BUNDLE_IDENTIFIER = Rohitoz.Appetizers;
				PRODUCT_NAME = "$(TARGET_NAME)";
				SWIFT_EMIT_LOC_STRINGS = YES;
				SWIFT_VERSION = 5.0;
				TARGETED_DEVICE_FAMILY = "1,2";
			};
			name = Release;
		};
/* End XCBuildConfiguration section */

/* Begin XCConfigurationList section */
		A3EB58642C66533A00C04853 /* Build configuration list for PBXProject "Appetizers" */ = {
			isa = XCConfigurationList;
			buildConfigurations = (
				A3EB58752C66533D00C04853 /* Debug */,
				A3EB58762C66533D00C04853 /* Release */,
			);
			defaultConfigurationIsVisible = 0;
			defaultConfigurationName = Release;
		};
		A3EB58772C66533D00C04853 /* Build configuration list for PBXNativeTarget "Appetizers" */ = {
			isa = XCConfigurationList;
			buildConfigurations = (
				A3EB58782C66533D00C04853 /* Debug */,
				A3EB58792C66533D00C04853 /* Release */,
			);
			defaultConfigurationIsVisible = 0;
			defaultConfigurationName = Release;
		};
/* End XCConfigurationList section */
	};
	rootObject = A3EB58612C66533A00C04853 /* Project object */;
}
